
Microsoft Visual Studio Solution File, Format Version 12.00
# Visual Studio Version 16
VisualStudioVersion = 16.0.28803.916
MinimumVisualStudioVersion = 10.0.40219.1
Project("{FAE04EC0-301F-11D3-BF4B-00C04F79EFBC}") = "AppSalaDeAula", "AppSalaDeAula\AppSalaDeAula.csproj", "{0E840985-0B2A-459E-9147-3117C69108A3}"
EndProject
Global
	GlobalSection(SolutionConfigurationPlatforms) = preSolution
		Debug|Any CPU = Debug|Any CPU
		Release|Any CPU = Release|Any CPU
	EndGlobalSection
	GlobalSection(ProjectConfigurationPlatforms) = postSolution
		{0E840985-0B2A-459E-9147-3117C69108A3}.Debug|Any CPU.ActiveCfg = Debug|Any CPU
		{0E840985-0B2A-459E-9147-3117C69108A3}.Debug|Any CPU.Build.0 = Debug|Any CPU
		{0E840985-0B2A-459E-9147-3117C69108A3}.Release|Any CPU.ActiveCfg = Release|Any CPU
		{0E840985-0B2A-459E-9147-3117C69108A3}.Release|Any CPU.Build.0 = Release|Any CPU
	EndGlobalSection
	GlobalSection(SolutionProperties) = preSolution
		HideSolutionNode = FALSE
	EndGlobalSection
	GlobalSection(ExtensibilityGlobals) = postSolution
		SolutionGuid = {C5308D4B-A1E0-46DB-8828-D293D367E794}
	EndGlobalSection
EndGlobal
